
Microsoft Visual Studio Solution File, Format Version 12.00
# Visual Studio Version 17
VisualStudioVersion = 17.14.36401.2
MinimumVisualStudioVersion = 10.0.40219.1
Project("{2150E333-8FDC-42A3-9474-1A3956D46DE8}") = "src", "src", "{827E0CD3-B72D-47B6-A68D-7590B98EB39B}"
EndProject
Project("{FAE04EC0-301F-11D3-BF4B-00C04F79EFBC}") = "FaceGuardPro.API", "src\FaceGuardPro.API\FaceGuardPro.API.csproj", "{2D738515-B255-480B-A16A-04415472BE52}"
EndProject
Project("{FAE04EC0-301F-11D3-BF4B-00C04F79EFBC}") = "FaceGuardPro.Core", "src\FaceGuardPro.Core\FaceGuardPro.Core.csproj", "{96674238-F282-4A3F-8754-1E89A5619986}"
EndProject
Project("{FAE04EC0-301F-11D3-BF4B-00C04F79EFBC}") = "FaceGuardPro.Data", "src\FaceGuardPro.Data\FaceGuardPro.Data.csproj", "{6D88C6AE-535A-4854-914C-8920106F558B}"
EndProject
Project("{FAE04EC0-301F-11D3-BF4B-00C04F79EFBC}") = "FaceGuardPro.AI", "src\FaceGuardPro.AI\FaceGuardPro.AI.csproj", "{CEAAC0BD-4B90-4980-A9D0-EB881C6974A3}"
EndProject
Project("{FAE04EC0-301F-11D3-BF4B-00C04F79EFBC}") = "FaceGuardPro.Shared", "src\FaceGuardPro.Shared\FaceGuardPro.Shared.csproj", "{45E25AB6-5944-4312-A644-CC759390325C}"
EndProject
Project("{FAE04EC0-301F-11D3-BF4B-00C04F79EFBC}") = "FaceGuardPro.Desktop", "src\FaceGuardPro.Desktop\FaceGuardPro.Desktop.csproj", "{ED2D0B18-4CA7-4A27-856A-F5F32B825593}"
EndProject
Project("{2150E333-8FDC-42A3-9474-1A3956D46DE8}") = "tests", "tests", "{0AB3BF05-4346-4AA6-1389-037BE0695223}"
EndProject
Project("{FAE04EC0-301F-11D3-BF4B-00C04F79EFBC}") = "FaceGuardPro.Tests.Unit", "tests\FaceGuardPro.Tests.Unit\FaceGuardPro.Tests.Unit.csproj", "{CFAFF2AA-5DF2-4080-B4B6-0B72B9DFAF0C}"
EndProject
Project("{FAE04EC0-301F-11D3-BF4B-00C04F79EFBC}") = "FaceGuardPro.Tests.Integration", "tests\FaceGuardPro.Tests.Integration\FaceGuardPro.Tests.Integration.csproj", "{A1CBB126-92A1-4D77-829A-8BA5AEBDF37A}"
EndProject
Global
	GlobalSection(SolutionConfigurationPlatforms) = preSolution
		Debug|Any CPU = Debug|Any CPU
		Debug|x64 = Debug|x64
		Debug|x86 = Debug|x86
		Release|Any CPU = Release|Any CPU
		Release|x64 = Release|x64
		Release|x86 = Release|x86
	EndGlobalSection
	GlobalSection(ProjectConfigurationPlatforms) = postSolution
		{2D738515-B255-480B-A16A-04415472BE52}.Debug|Any CPU.ActiveCfg = Debug|Any CPU
		{2D738515-B255-480B-A16A-04415472BE52}.Debug|Any CPU.Build.0 = Debug|Any CPU
		{2D738515-B255-480B-A16A-04415472BE52}.Debug|x64.ActiveCfg = Debug|Any CPU
		{2D738515-B255-480B-A16A-04415472BE52}.Debug|x64.Build.0 = Debug|Any CPU
		{2D738515-B255-480B-A16A-04415472BE52}.Debug|x86.ActiveCfg = Debug|Any CPU
		{2D738515-B255-480B-A16A-04415472BE52}.Debug|x86.Build.0 = Debug|Any CPU
		{2D738515-B255-480B-A16A-04415472BE52}.Release|Any CPU.ActiveCfg = Release|Any CPU
		{2D738515-B255-480B-A16A-04415472BE52}.Release|Any CPU.Build.0 = Release|Any CPU
		{2D738515-B255-480B-A16A-04415472BE52}.Release|x64.ActiveCfg = Release|Any CPU
		{2D738515-B255-480B-A16A-04415472BE52}.Release|x64.Build.0 = Release|Any CPU
		{2D738515-B255-480B-A16A-04415472BE52}.Release|x86.ActiveCfg = Release|Any CPU
		{2D738515-B255-480B-A16A-04415472BE52}.Release|x86.Build.0 = Release|Any CPU
		{96674238-F282-4A3F-8754-1E89A5619986}.Debug|Any CPU.ActiveCfg = Debug|Any CPU
		{96674238-F282-4A3F-8754-1E89A5619986}.Debug|Any CPU.Build.0 = Debug|Any CPU
		{96674238-F282-4A3F-8754-1E89A5619986}.Debug|x64.ActiveCfg = Debug|Any CPU
		{96674238-F282-4A3F-8754-1E89A5619986}.Debug|x64.Build.0 = Debug|Any CPU
		{96674238-F282-4A3F-8754-1E89A5619986}.Debug|x86.ActiveCfg = Debug|Any CPU
		{96674238-F282-4A3F-8754-1E89A5619986}.Debug|x86.Build.0 = Debug|Any CPU
		{96674238-F282-4A3F-8754-1E89A5619986}.Release|Any CPU.ActiveCfg = Release|Any CPU
		{96674238-F282-4A3F-8754-1E89A5619986}.Release|Any CPU.Build.0 = Release|Any CPU
		{96674238-F282-4A3F-8754-1E89A5619986}.Release|x64.ActiveCfg = Release|Any CPU
		{96674238-F282-4A3F-8754-1E89A5619986}.Release|x64.Build.0 = Release|Any CPU
		{96674238-F282-4A3F-8754-1E89A5619986}.Release|x86.ActiveCfg = Release|Any CPU
		{96674238-F282-4A3F-8754-1E89A5619986}.Release|x86.Build.0 = Release|Any CPU
		{6D88C6AE-535A-4854-914C-8920106F558B}.Debug|Any CPU.ActiveCfg = Debug|Any CPU
		{6D88C6AE-535A-4854-914C-8920106F558B}.Debug|Any CPU.Build.0 = Debug|Any CPU
		{6D88C6AE-535A-4854-914C-8920106F558B}.Debug|x64.ActiveCfg = Debug|Any CPU
		{6D88C6AE-535A-4854-914C-8920106F558B}.Debug|x64.Build.0 = Debug|Any CPU
		{6D88C6AE-535A-4854-914C-8920106F558B}.Debug|x86.ActiveCfg = Debug|Any CPU
		{6D88C6AE-535A-4854-914C-8920106F558B}.Debug|x86.Build.0 = Debug|Any CPU
		{6D88C6AE-535A-4854-914C-8920106F558B}.Release|Any CPU.ActiveCfg = Release|Any CPU
		{6D88C6AE-535A-4854-914C-8920106F558B}.Release|Any CPU.Build.0 = Release|Any CPU
		{6D88C6AE-535A-4854-914C-8920106F558B}.Release|x64.ActiveCfg = Release|Any CPU
		{6D88C6AE-535A-4854-914C-8920106F558B}.Release|x64.Build.0 = Release|Any CPU
		{6D88C6AE-535A-4854-914C-8920106F558B}.Release|x86.ActiveCfg = Release|Any CPU
		{6D88C6AE-535A-4854-914C-8920106F558B}.Release|x86.Build.0 = Release|Any CPU
		{CEAAC0BD-4B90-4980-A9D0-EB881C6974A3}.Debug|Any CPU.ActiveCfg = Debug|Any CPU
		{CEAAC0BD-4B90-4980-A9D0-EB881C6974A3}.Debug|Any CPU.Build.0 = Debug|Any CPU
		{CEAAC0BD-4B90-4980-A9D0-EB881C6974A3}.Debug|x64.ActiveCfg = Debug|Any CPU
		{CEAAC0BD-4B90-4980-A9D0-EB881C6974A3}.Debug|x64.Build.0 = Debug|Any CPU
		{CEAAC0BD-4B90-4980-A9D0-EB881C6974A3}.Debug|x86.ActiveCfg = Debug|Any CPU
		{CEAAC0BD-4B90-4980-A9D0-EB881C6974A3}.Debug|x86.Build.0 = Debug|Any CPU
		{CEAAC0BD-4B90-4980-A9D0-EB881C6974A3}.Release|Any CPU.ActiveCfg = Release|Any CPU
		{CEAAC0BD-4B90-4980-A9D0-EB881C6974A3}.Release|Any CPU.Build.0 = Release|Any CPU
		{CEAAC0BD-4B90-4980-A9D0-EB881C6974A3}.Release|x64.ActiveCfg = Release|Any CPU
		{CEAAC0BD-4B90-4980-A9D0-EB881C6974A3}.Release|x64.Build.0 = Release|Any CPU
		{CEAAC0BD-4B90-4980-A9D0-EB881C6974A3}.Release|x86.ActiveCfg = Release|Any CPU
		{CEAAC0BD-4B90-4980-A9D0-EB881C6974A3}.Release|x86.Build.0 = Release|Any CPU
		{45E25AB6-5944-4312-A644-CC759390325C}.Debug|Any CPU.ActiveCfg = Debug|Any CPU
		{45E25AB6-5944-4312-A644-CC759390325C}.Debug|Any CPU.Build.0 = Debug|Any CPU
		{45E25AB6-5944-4312-A644-CC759390325C}.Debug|x64.ActiveCfg = Debug|Any CPU
		{45E25AB6-5944-4312-A644-CC759390325C}.Debug|x64.Build.0 = Debug|Any CPU
		{45E25AB6-5944-4312-A644-CC759390325C}.Debug|x86.ActiveCfg = Debug|Any CPU
		{45E25AB6-5944-4312-A644-CC759390325C}.Debug|x86.Build.0 = Debug|Any CPU
		{45E25AB6-5944-4312-A644-CC759390325C}.Release|Any CPU.ActiveCfg = Release|Any CPU
		{45E25AB6-5944-4312-A644-CC759390325C}.Release|Any CPU.Build.0 = Release|Any CPU
		{45E25AB6-5944-4312-A644-CC759390325C}.Release|x64.ActiveCfg = Release|Any CPU
		{45E25AB6-5944-4312-A644-CC759390325C}.Release|x64.Build.0 = Release|Any CPU
		{45E25AB6-5944-4312-A644-CC759390325C}.Release|x86.ActiveCfg = Release|Any CPU
		{45E25AB6-5944-4312-A644-CC759390325C}.Release|x86.Build.0 = Release|Any CPU
		{ED2D0B18-4CA7-4A27-856A-F5F32B825593}.Debug|Any CPU.ActiveCfg = Debug|Any CPU
		{ED2D0B18-4CA7-4A27-856A-F5F32B825593}.Debug|Any CPU.Build.0 = Debug|Any CPU
		{ED2D0B18-4CA7-4A27-856A-F5F32B825593}.Debug|x64.ActiveCfg = Debug|Any CPU
		{ED2D0B18-4CA7-4A27-856A-F5F32B825593}.Debug|x64.Build.0 = Debug|Any CPU
		{ED2D0B18-4CA7-4A27-856A-F5F32B825593}.Debug|x86.ActiveCfg = Debug|Any CPU
		{ED2D0B18-4CA7-4A27-856A-F5F32B825593}.Debug|x86.Build.0 = Debug|Any CPU
		{ED2D0B18-4CA7-4A27-856A-F5F32B825593}.Release|Any CPU.ActiveCfg = Release|Any CPU
		{ED2D0B18-4CA7-4A27-856A-F5F32B825593}.Release|Any CPU.Build.0 = Release|Any CPU
		{ED2D0B18-4CA7-4A27-856A-F5F32B825593}.Release|x64.ActiveCfg = Release|Any CPU
		{ED2D0B18-4CA7-4A27-856A-F5F32B825593}.Release|x64.Build.0 = Release|Any CPU
		{ED2D0B18-4CA7-4A27-856A-F5F32B825593}.Release|x86.ActiveCfg = Release|Any CPU
		{ED2D0B18-4CA7-4A27-856A-F5F32B825593}.Release|x86.Build.0 = Release|Any CPU
		{CFAFF2AA-5DF2-4080-B4B6-0B72B9DFAF0C}.Debug|Any CPU.ActiveCfg = Debug|Any CPU
		{CFAFF2AA-5DF2-4080-B4B6-0B72B9DFAF0C}.Debug|Any CPU.Build.0 = Debug|Any CPU
		{CFAFF2AA-5DF2-4080-B4B6-0B72B9DFAF0C}.Debug|x64.ActiveCfg = Debug|Any CPU
		{CFAFF2AA-5DF2-4080-B4B6-0B72B9DFAF0C}.Debug|x64.Build.0 = Debug|Any CPU
		{CFAFF2AA-5DF2-4080-B4B6-0B72B9DFAF0C}.Debug|x86.ActiveCfg = Debug|Any CPU
		{CFAFF2AA-5DF2-4080-B4B6-0B72B9DFAF0C}.Debug|x86.Build.0 = Debug|Any CPU
		{CFAFF2AA-5DF2-4080-B4B6-0B72B9DFAF0C}.Release|Any CPU.ActiveCfg = Release|Any CPU
		{CFAFF2AA-5DF2-4080-B4B6-0B72B9DFAF0C}.Release|Any CPU.Build.0 = Release|Any CPU
		{CFAFF2AA-5DF2-4080-B4B6-0B72B9DFAF0C}.Release|x64.ActiveCfg = Release|Any CPU
		{CFAFF2AA-5DF2-4080-B4B6-0B72B9DFAF0C}.Release|x64.Build.0 = Release|Any CPU
		{CFAFF2AA-5DF2-4080-B4B6-0B72B9DFAF0C}.Release|x86.ActiveCfg = Release|Any CPU
		{CFAFF2AA-5DF2-4080-B4B6-0B72B9DFAF0C}.Release|x86.Build.0 = Release|Any CPU
		{A1CBB126-92A1-4D77-829A-8BA5AEBDF37A}.Debug|Any CPU.ActiveCfg = Debug|Any CPU
		{A1CBB126-92A1-4D77-829A-8BA5AEBDF37A}.Debug|Any CPU.Build.0 = Debug|Any CPU
		{A1CBB126-92A1-4D77-829A-8BA5AEBDF37A}.Debug|x64.ActiveCfg = Debug|Any CPU
		{A1CBB126-92A1-4D77-829A-8BA5AEBDF37A}.Debug|x64.Build.0 = Debug|Any CPU
		{A1CBB126-92A1-4D77-829A-8BA5AEBDF37A}.Debug|x86.ActiveCfg = Debug|Any CPU
		{A1CBB126-92A1-4D77-829A-8BA5AEBDF37A}.Debug|x86.Build.0 = Debug|Any CPU
		{A1CBB126-92A1-4D77-829A-8BA5AEBDF37A}.Release|Any CPU.ActiveCfg = Release|Any CPU
		{A1CBB126-92A1-4D77-829A-8BA5AEBDF37A}.Release|Any CPU.Build.0 = Release|Any CPU
		{A1CBB126-92A1-4D77-829A-8BA5AEBDF37A}.Release|x64.ActiveCfg = Release|Any CPU
		{A1CBB126-92A1-4D77-829A-8BA5AEBDF37A}.Release|x64.Build.0 = Release|Any CPU
		{A1CBB126-92A1-4D77-829A-8BA5AEBDF37A}.Release|x86.ActiveCfg = Release|Any CPU
		{A1CBB126-92A1-4D77-829A-8BA5AEBDF37A}.Release|x86.Build.0 = Release|Any CPU
	EndGlobalSection
	GlobalSection(SolutionProperties) = preSolution
		HideSolutionNode = FALSE
	EndGlobalSection
	GlobalSection(NestedProjects) = preSolution
		{2D738515-B255-480B-A16A-04415472BE52} = {827E0CD3-B72D-47B6-A68D-7590B98EB39B}
		{96674238-F282-4A3F-8754-1E89A5619986} = {827E0CD3-B72D-47B6-A68D-7590B98EB39B}
		{6D88C6AE-535A-4854-914C-8920106F558B} = {827E0CD3-B72D-47B6-A68D-7590B98EB39B}
		{CEAAC0BD-4B90-4980-A9D0-EB881C6974A3} = {827E0CD3-B72D-47B6-A68D-7590B98EB39B}
		{45E25AB6-5944-4312-A644-CC759390325C} = {827E0CD3-B72D-47B6-A68D-7590B98EB39B}
		{ED2D0B18-4CA7-4A27-856A-F5F32B825593} = {827E0CD3-B72D-47B6-A68D-7590B98EB39B}
		{CFAFF2AA-5DF2-4080-B4B6-0B72B9DFAF0C} = {0AB3BF05-4346-4AA6-1389-037BE0695223}
		{A1CBB126-92A1-4D77-829A-8BA5AEBDF37A} = {0AB3BF05-4346-4AA6-1389-037BE0695223}
	EndGlobalSection
	GlobalSection(ExtensibilityGlobals) = postSolution
		SolutionGuid = {9B89E196-E018-46DC-A587-01E26EB29F19}
	EndGlobalSection
EndGlobal
